
Microsoft Visual Studio Solution File, Format Version 12.00
# Visual Studio Version 17
VisualStudioVersion = 17.14.36518.9 d17.14
MinimumVisualStudioVersion = 10.0.40219.1
Project("{FAE04EC0-301F-11D3-BF4B-00C04F79EFBC}") = "LeaveManagementSystem.Web", "LeaveManagementSystem.Web\LeaveManagementSystem.Web.csproj", "{F311EF8F-4DA2-4DBE-96F4-8AE21B80CAC4}"
EndProject
Global
	GlobalSection(SolutionConfigurationPlatforms) = preSolution
		Debug|Any CPU = Debug|Any CPU
		Release|Any CPU = Release|Any CPU
	EndGlobalSection
	GlobalSection(ProjectConfigurationPlatforms) = postSolution
		{F311EF8F-4DA2-4DBE-96F4-8AE21B80CAC4}.Debug|Any CPU.ActiveCfg = Debug|Any CPU
		{F311EF8F-4DA2-4DBE-96F4-8AE21B80CAC4}.Debug|Any CPU.Build.0 = Debug|Any CPU
		{F311EF8F-4DA2-4DBE-96F4-8AE21B80CAC4}.Release|Any CPU.ActiveCfg = Release|Any CPU
		{F311EF8F-4DA2-4DBE-96F4-8AE21B80CAC4}.Release|Any CPU.Build.0 = Release|Any CPU
	EndGlobalSection
	GlobalSection(SolutionProperties) = preSolution
		HideSolutionNode = FALSE
	EndGlobalSection
	GlobalSection(ExtensibilityGlobals) = postSolution
		SolutionGuid = {4D5F21D9-CA65-40A4-A583-C479B3F92215}
	EndGlobalSection
EndGlobal
